// !$*UTF8*$!
{
	archiveVersion = 1;
	classes = {
	};
	objectVersion = 56;
	objects = {

/* Begin PBXBuildFile section */
		1C1113BB29BAE91E008A2836 /* LandmarksApp.swift in Sources */ = {isa = PBXBuildFile; fileRef = 1C1113BA29BAE91E008A2836 /* LandmarksApp.swift */; };
		1C1113BD29BAE91E008A2836 /* ContentView.swift in Sources */ = {isa = PBXBuildFile; fileRef = 1C1113BC29BAE91E008A2836 /* ContentView.swift */; };
		1C1113BF29BAE91F008A2836 /* Assets.xcassets in Resources */ = {isa = PBXBuildFile; fileRef = 1C1113BE29BAE91F008A2836 /* Assets.xcassets */; };
		1C1113C229BAE91F008A2836 /* Preview Assets.xcassets in Resources */ = {isa = PBXBuildFile; fileRef = 1C1113C129BAE91F008A2836 /* Preview Assets.xcassets */; };
		1C4645D829BB24CE00AD7B2A /* MapView.swift in Sources */ = {isa = PBXBuildFile; fileRef = 1C4645D729BB24CE00AD7B2A /* MapView.swift */; };
		1C4645DA29BB2AE300AD7B2A /* landmarkData.json in Resources */ = {isa = PBXBuildFile; fileRef = 1C4645D929BB2AE300AD7B2A /* landmarkData.json */; };
		1C4645DC29BB2AFC00AD7B2A /* Landmark.swift in Sources */ = {isa = PBXBuildFile; fileRef = 1C4645DB29BB2AFC00AD7B2A /* Landmark.swift */; };
		1C4645DE29BB2C5C00AD7B2A /* ModelData.swift in Sources */ = {isa = PBXBuildFile; fileRef = 1C4645DD29BB2C5C00AD7B2A /* ModelData.swift */; };
		1C4645E229BB2E0200AD7B2A /* CircleImage.swift in Sources */ = {isa = PBXBuildFile; fileRef = 1C4645E129BB2E0200AD7B2A /* CircleImage.swift */; };
		1C4645E729BB2E7200AD7B2A /* LandmarkRow.swift in Sources */ = {isa = PBXBuildFile; fileRef = 1C4645E629BB2E7200AD7B2A /* LandmarkRow.swift */; };
		1C4645E929BB30BC00AD7B2A /* LandmarkList.swift in Sources */ = {isa = PBXBuildFile; fileRef = 1C4645E829BB30BC00AD7B2A /* LandmarkList.swift */; };
		1C4645EB29BB31D400AD7B2A /* LandmarkDetail.swift in Sources */ = {isa = PBXBuildFile; fileRef = 1C4645EA29BB31D400AD7B2A /* LandmarkDetail.swift */; };
/* End PBXBuildFile section */

/* Begin PBXFileReference section */
		1C1113B729BAE91E008A2836 /* Landmarks.app */ = {isa = PBXFileReference; explicitFileType = wrapper.application; includeInIndex = 0; path = Landmarks.app; sourceTree = BUILT_PRODUCTS_DIR; };
		1C1113BA29BAE91E008A2836 /* LandmarksApp.swift */ = {isa = PBXFileReference; lastKnownFileType = sourcecode.swift; path = LandmarksApp.swift; sourceTree = "<group>"; };
		1C1113BC29BAE91E008A2836 /* ContentView.swift */ = {isa = PBXFileReference; lastKnownFileType = sourcecode.swift; path = ContentView.swift; sourceTree = "<group>"; };
		1C1113BE29BAE91F008A2836 /* Assets.xcassets */ = {isa = PBXFileReference; lastKnownFileType = folder.assetcatalog; path = Assets.xcassets; sourceTree = "<group>"; };
		1C1113C129BAE91F008A2836 /* Preview Assets.xcassets */ = {isa = PBXFileReference; lastKnownFileType = folder.assetcatalog; path = "Preview Assets.xcassets"; sourceTree = "<group>"; };
		1C4645D729BB24CE00AD7B2A /* MapView.swift */ = {isa = PBXFileReference; lastKnownFileType = sourcecode.swift; path = MapView.swift; sourceTree = "<group>"; };
		1C4645D929BB2AE300AD7B2A /* landmarkData.json */ = {isa = PBXFileReference; fileEncoding = 4; lastKnownFileType = text.json; path = landmarkData.json; sourceTree = "<group>"; };
		1C4645DB29BB2AFC00AD7B2A /* Landmark.swift */ = {isa = PBXFileReference; lastKnownFileType = sourcecode.swift; path = Landmark.swift; sourceTree = "<group>"; };
		1C4645DD29BB2C5C00AD7B2A /* ModelData.swift */ = {isa = PBXFileReference; lastKnownFileType = sourcecode.swift; path = ModelData.swift; sourceTree = "<group>"; };
		1C4645E129BB2E0200AD7B2A /* CircleImage.swift */ = {isa = PBXFileReference; fileEncoding = 4; lastKnownFileType = sourcecode.swift; path = CircleImage.swift; sourceTree = "<group>"; };
		1C4645E629BB2E7200AD7B2A /* LandmarkRow.swift */ = {isa = PBXFileReference; lastKnownFileType = sourcecode.swift; path = LandmarkRow.swift; sourceTree = "<group>"; };
		1C4645E829BB30BC00AD7B2A /* LandmarkList.swift */ = {isa = PBXFileReference; lastKnownFileType = sourcecode.swift; path = LandmarkList.swift; sourceTree = "<group>"; };
		1C4645EA29BB31D400AD7B2A /* LandmarkDetail.swift */ = {isa = PBXFileReference; lastKnownFileType = sourcecode.swift; path = LandmarkDetail.swift; sourceTree = "<group>"; };
/* End PBXFileReference section */

/* Begin PBXFrameworksBuildPhase section */
		1C1113B429BAE91E008A2836 /* Frameworks */ = {
			isa = PBXFrameworksBuildPhase;
			buildActionMask = 2147483647;
			files = (
			);
			runOnlyForDeploymentPostprocessing = 0;
		};
/* End PBXFrameworksBuildPhase section */

/* Begin PBXGroup section */
		1C1113AE29BAE91E008A2836 = {
			isa = PBXGroup;
			children = (
				1C1113B929BAE91E008A2836 /* Landmarks */,
				1C1113B829BAE91E008A2836 /* Products */,
			);
			sourceTree = "<group>";
		};
		1C1113B829BAE91E008A2836 /* Products */ = {
			isa = PBXGroup;
			children = (
				1C1113B729BAE91E008A2836 /* Landmarks.app */,
			);
			name = Products;
			sourceTree = "<group>";
		};
		1C1113B929BAE91E008A2836 /* Landmarks */ = {
			isa = PBXGroup;
			children = (
				1C1113BA29BAE91E008A2836 /* LandmarksApp.swift */,
				1C4645E329BB2E0F00AD7B2A /* Model */,
				1C4645E029BB2DCE00AD7B2A /* Views */,
				1C4645DF29BB2DBC00AD7B2A /* Resources */,
				1C1113BE29BAE91F008A2836 /* Assets.xcassets */,
				1C1113C029BAE91F008A2836 /* Preview Content */,
			);
			path = Landmarks;
			sourceTree = "<group>";
		};
		1C1113C029BAE91F008A2836 /* Preview Content */ = {
			isa = PBXGroup;
			children = (
				1C1113C129BAE91F008A2836 /* Preview Assets.xcassets */,
			);
			path = "Preview Content";
			sourceTree = "<group>";
		};
		1C4645DF29BB2DBC00AD7B2A /* Resources */ = {
			isa = PBXGroup;
			children = (
				1C4645D929BB2AE300AD7B2A /* landmarkData.json */,
			);
			path = Resources;
			sourceTree = "<group>";
		};
		1C4645E029BB2DCE00AD7B2A /* Views */ = {
			isa = PBXGroup;
			children = (
				1C1113BC29BAE91E008A2836 /* ContentView.swift */,
				1C4645E129BB2E0200AD7B2A /* CircleImage.swift */,
				1C4645D729BB24CE00AD7B2A /* MapView.swift */,
				1C4645E629BB2E7200AD7B2A /* LandmarkRow.swift */,
				1C4645E829BB30BC00AD7B2A /* LandmarkList.swift */,
				1C4645EA29BB31D400AD7B2A /* LandmarkDetail.swift */,
			);
			path = Views;
			sourceTree = "<group>";
		};
		1C4645E329BB2E0F00AD7B2A /* Model */ = {
			isa = PBXGroup;
			children = (
				1C4645DB29BB2AFC00AD7B2A /* Landmark.swift */,
				1C4645DD29BB2C5C00AD7B2A /* ModelData.swift */,
			);
			path = Model;
			sourceTree = "<group>";
		};
/* End PBXGroup section */

/* Begin PBXNativeTarget section */
		1C1113B629BAE91E008A2836 /* Landmarks */ = {
			isa = PBXNativeTarget;
			buildConfigurationList = 1C1113C529BAE91F008A2836 /* Build configuration list for PBXNativeTarget "Landmarks" */;
			buildPhases = (
				1C1113B329BAE91E008A2836 /* Sources */,
				1C1113B429BAE91E008A2836 /* Frameworks */,
				1C1113B529BAE91E008A2836 /* Resources */,
			);
			buildRules = (
			);
			dependencies = (
			);
			name = Landmarks;
			productName = Landmarks;
			productReference = 1C1113B729BAE91E008A2836 /* Landmarks.app */;
			productType = "com.apple.product-type.application";
		};
/* End PBXNativeTarget section */

/* Begin PBXProject section */
		1C1113AF29BAE91E008A2836 /* Project object */ = {
			isa = PBXProject;
			attributes = {
				BuildIndependentTargetsInParallel = 1;
				LastSwiftUpdateCheck = 1420;
				LastUpgradeCheck = 1420;
				TargetAttributes = {
					1C1113B629BAE91E008A2836 = {
						CreatedOnToolsVersion = 14.2;
					};
				};
			};
			buildConfigurationList = 1C1113B229BAE91E008A2836 /* Build configuration list for PBXProject "Landmarks" */;
			compatibilityVersion = "Xcode 14.0";
			developmentRegion = en;
			hasScannedForEncodings = 0;
			knownRegions = (
				en,
				Base,
			);
			mainGroup = 1C1113AE29BAE91E008A2836;
			productRefGroup = 1C1113B829BAE91E008A2836 /* Products */;
			projectDirPath = "";
			projectRoot = "";
			targets = (
				1C1113B629BAE91E008A2836 /* Landmarks */,
			);
		};
/* End PBXProject section */

/* Begin PBXResourcesBuildPhase section */
		1C1113B529BAE91E008A2836 /* Resources */ = {
			isa = PBXResourcesBuildPhase;
			buildActionMask = 2147483647;
			files = (
				1C1113C229BAE91F008A2836 /* Preview Assets.xcassets in Resources */,
				1C1113BF29BAE91F008A2836 /* Assets.xcassets in Resources */,
				1C4645DA29BB2AE300AD7B2A /* landmarkData.json in Resources */,
			);
			runOnlyForDeploymentPostprocessing = 0;
		};
/* End PBXResourcesBuildPhase section */

/* Begin PBXSourcesBuildPhase section */
		1C1113B329BAE91E008A2836 /* Sources */ = {
			isa = PBXSourcesBuildPhase;
			buildActionMask = 2147483647;
			files = (
				1C1113BD29BAE91E008A2836 /* ContentView.swift in Sources */,
				1C4645D829BB24CE00AD7B2A /* MapView.swift in Sources */,
				1C1113BB29BAE91E008A2836 /* LandmarksApp.swift in Sources */,
				1C4645E929BB30BC00AD7B2A /* LandmarkList.swift in Sources */,
				1C4645EB29BB31D400AD7B2A /* LandmarkDetail.swift in Sources */,
				1C4645DC29BB2AFC00AD7B2A /* Landmark.swift in Sources */,
				1C4645DE29BB2C5C00AD7B2A /* ModelData.swift in Sources */,
				1C4645E729BB2E7200AD7B2A /* LandmarkRow.swift in Sources */,
				1C4645E229BB2E0200AD7B2A /* CircleImage.swift in Sources */,
			);
			runOnlyForDeploymentPostprocessing = 0;
		};
/* End PBXSourcesBuildPhase section */

/* Begin XCBuildConfiguration section */
		1C1113C329BAE91F008A2836 /* Debug */ = {
			isa = XCBuildConfiguration;
			buildSettings = {
				ALWAYS_SEARCH_USER_PATHS = NO;
				CLANG_ANALYZER_NONNULL = YES;
				CLANG_ANALYZER_NUMBER_OBJECT_CONVERSION = YES_AGGRESSIVE;
				CLANG_CXX_LANGUAGE_STANDARD = "gnu++20";
				CLANG_ENABLE_MODULES = YES;
				CLANG_ENABLE_OBJC_ARC = YES;
				CLANG_ENABLE_OBJC_WEAK = YES;
				CLANG_WARN_BLOCK_CAPTURE_AUTORELEASING = YES;
				CLANG_WARN_BOOL_CONVERSION = YES;
				CLANG_WARN_COMMA = YES;
				CLANG_WARN_CONSTANT_CONVERSION = YES;
				CLANG_WARN_DEPRECATED_OBJC_IMPLEMENTATIONS = YES;
				CLANG_WARN_DIRECT_OBJC_ISA_USAGE = YES_ERROR;
				CLANG_WARN_DOCUMENTATION_COMMENTS = YES;
				CLANG_WARN_EMPTY_BODY = YES;
				CLANG_WARN_ENUM_CONVERSION = YES;
				CLANG_WARN_INFINITE_RECURSION = YES;
				CLANG_WARN_INT_CONVERSION = YES;
				CLANG_WARN_NON_LITERAL_NULL_CONVERSION = YES;
				CLANG_WARN_OBJC_IMPLICIT_RETAIN_SELF = YES;
				CLANG_WARN_OBJC_LITERAL_CONVERSION = YES;
				CLANG_WARN_OBJC_ROOT_CLASS = YES_ERROR;
				CLANG_WARN_QUOTED_INCLUDE_IN_FRAMEWORK_HEADER = YES;
				CLANG_WARN_RANGE_LOOP_ANALYSIS = YES;
				CLANG_WARN_STRICT_PROTOTYPES = YES;
				CLANG_WARN_SUSPICIOUS_MOVE = YES;
				CLANG_WARN_UNGUARDED_AVAILABILITY = YES_AGGRESSIVE;
				CLANG_WARN_UNREACHABLE_CODE = YES;
				CLANG_WARN__DUPLICATE_METHOD_MATCH = YES;
				COPY_PHASE_STRIP = NO;
				DEBUG_INFORMATION_FORMAT = dwarf;
				ENABLE_STRICT_OBJC_MSGSEND = YES;
				ENABLE_TESTABILITY = YES;
				GCC_C_LANGUAGE_STANDARD = gnu11;
				GCC_DYNAMIC_NO_PIC = NO;
				GCC_NO_COMMON_BLOCKS = YES;
				GCC_OPTIMIZATION_LEVEL = 0;
				GCC_PREPROCESSOR_DEFINITIONS = (
					"DEBUG=1",
					"$(inherited)",
				);
				GCC_WARN_64_TO_32_BIT_CONVERSION = YES;
				GCC_WARN_ABOUT_RETURN_TYPE = YES_ERROR;
				GCC_WARN_UNDECLARED_SELECTOR = YES;
				GCC_WARN_UNINITIALIZED_AUTOS = YES_AGGRESSIVE;
				GCC_WARN_UNUSED_FUNCTION = YES;
				GCC_WARN_UNUSED_VARIABLE = YES;
				IPHONEOS_DEPLOYMENT_TARGET = 16.2;
				MTL_ENABLE_DEBUG_INFO = INCLUDE_SOURCE;
				MTL_FAST_MATH = YES;
				ONLY_ACTIVE_ARCH = YES;
				SDKROOT = iphoneos;
				SWIFT_ACTIVE_COMPILATION_CONDITIONS = DEBUG;
				SWIFT_OPTIMIZATION_LEVEL = "-Onone";
			};
			name = Debug;
		};
		1C1113C429BAE91F008A2836 /* Release */ = {
			isa = XCBuildConfiguration;
			buildSettings = {
				ALWAYS_SEARCH_USER_PATHS = NO;
				CLANG_ANALYZER_NONNULL = YES;
				CLANG_ANALYZER_NUMBER_OBJECT_CONVERSION = YES_AGGRESSIVE;
				CLANG_CXX_LANGUAGE_STANDARD = "gnu++20";
				CLANG_ENABLE_MODULES = YES;
				CLANG_ENABLE_OBJC_ARC = YES;
				CLANG_ENABLE_OBJC_WEAK = YES;
				CLANG_WARN_BLOCK_CAPTURE_AUTORELEASING = YES;
				CLANG_WARN_BOOL_CONVERSION = YES;
				CLANG_WARN_COMMA = YES;
				CLANG_WARN_CONSTANT_CONVERSION = YES;
				CLANG_WARN_DEPRECATED_OBJC_IMPLEMENTATIONS = YES;
				CLANG_WARN_DIRECT_OBJC_ISA_USAGE = YES_ERROR;
				CLANG_WARN_DOCUMENTATION_COMMENTS = YES;
				CLANG_WARN_EMPTY_BODY = YES;
				CLANG_WARN_ENUM_CONVERSION = YES;
				CLANG_WARN_INFINITE_RECURSION = YES;
				CLANG_WARN_INT_CONVERSION = YES;
				CLANG_WARN_NON_LITERAL_NULL_CONVERSION = YES;
				CLANG_WARN_OBJC_IMPLICIT_RETAIN_SELF = YES;
				CLANG_WARN_OBJC_LITERAL_CONVERSION = YES;
				CLANG_WARN_OBJC_ROOT_CLASS = YES_ERROR;
				CLANG_WARN_QUOTED_INCLUDE_IN_FRAMEWORK_HEADER = YES;
				CLANG_WARN_RANGE_LOOP_ANALYSIS = YES;
				CLANG_WARN_STRICT_PROTOTYPES = YES;
				CLANG_WARN_SUSPICIOUS_MOVE = YES;
				CLANG_WARN_UNGUARDED_AVAILABILITY = YES_AGGRESSIVE;
				CLANG_WARN_UNREACHABLE_CODE = YES;
				CLANG_WARN__DUPLICATE_METHOD_MATCH = YES;
				COPY_PHASE_STRIP = NO;
				DEBUG_INFORMATION_FORMAT = "dwarf-with-dsym";
				ENABLE_NS_ASSERTIONS = NO;
				ENABLE_STRICT_OBJC_MSGSEND = YES;
				GCC_C_LANGUAGE_STANDARD = gnu11;
				GCC_NO_COMMON_BLOCKS = YES;
				GCC_WARN_64_TO_32_BIT_CONVERSION = YES;
				GCC_WARN_ABOUT_RETURN_TYPE = YES_ERROR;
				GCC_WARN_UNDECLARED_SELECTOR = YES;
				GCC_WARN_UNINITIALIZED_AUTOS = YES_AGGRESSIVE;
				GCC_WARN_UNUSED_FUNCTION = YES;
				GCC_WARN_UNUSED_VARIABLE = YES;
				IPHONEOS_DEPLOYMENT_TARGET = 16.2;
				MTL_ENABLE_DEBUG_INFO = NO;
				MTL_FAST_MATH = YES;
				SDKROOT = iphoneos;
				SWIFT_COMPILATION_MODE = wholemodule;
				SWIFT_OPTIMIZATION_LEVEL = "-O";
				VALIDATE_PRODUCT = YES;
			};
			name = Release;
		};
		1C1113C629BAE91F008A2836 /* Debug */ = {
			isa = XCBuildConfiguration;
			buildSettings = {
				ASSETCATALOG_COMPILER_APPICON_NAME = AppIcon;
				ASSETCATALOG_COMPILER_GLOBAL_ACCENT_COLOR_NAME = AccentColor;
				CODE_SIGN_STYLE = Automatic;
				CURRENT_PROJECT_VERSION = 1;
				DEVELOPMENT_ASSET_PATHS = "\"Landmarks/Preview Content\"";
				DEVELOPMENT_TEAM = EV6FA5QMY9;
				ENABLE_PREVIEWS = YES;
				GENERATE_INFOPLIST_FILE = YES;
				INFOPLIST_KEY_LSApplicationCategoryType = "public.app-category.utilities";
				INFOPLIST_KEY_UIApplicationSceneManifest_Generation = YES;
				INFOPLIST_KEY_UIApplicationSupportsIndirectInputEvents = YES;
				INFOPLIST_KEY_UILaunchScreen_Generation = YES;
				INFOPLIST_KEY_UISupportedInterfaceOrientations = UIInterfaceOrientationPortrait;
				INFOPLIST_KEY_UISupportedInterfaceOrientations_iPad = "UIInterfaceOrientationLandscapeLeft UIInterfaceOrientationLandscapeRight UIInterfaceOrientationPortrait UIInterfaceOrientationPortraitUpsideDown";
				LD_RUNPATH_SEARCH_PATHS = (
					"$(inherited)",
					"@executable_path/Frameworks",
				);
				MARKETING_VERSION = 1.0;
				PRODUCT_BUNDLE_IDENTIFIER = "com.irs.apple-samplecode.Landmarks";
				PRODUCT_NAME = "$(TARGET_NAME)";
				SUPPORTED_PLATFORMS = "iphoneos iphonesimulator";
				SUPPORTS_MACCATALYST = NO;
				SUPPORTS_MAC_DESIGNED_FOR_IPHONE_IPAD = NO;
				SWIFT_EMIT_LOC_STRINGS = YES;
				SWIFT_VERSION = 5.0;
				TARGETED_DEVICE_FAMILY = 1;
			};
			name = Debug;
		};
		1C1113C729BAE91F008A2836 /* Release */ = {
			isa = XCBuildConfiguration;
			buildSettings = {
				ASSETCATALOG_COMPILER_APPICON_NAME = AppIcon;
				ASSETCATALOG_COMPILER_GLOBAL_ACCENT_COLOR_NAME = AccentColor;
				CODE_SIGN_STYLE = Automatic;
				CURRENT_PROJECT_VERSION = 1;
				DEVELOPMENT_ASSET_PATHS = "\"Landmarks/Preview Content\"";
				DEVELOPMENT_TEAM = EV6FA5QMY9;
				ENABLE_PREVIEWS = YES;
				GENERATE_INFOPLIST_FILE = YES;
				INFOPLIST_KEY_LSApplicationCategoryType = "public.app-category.utilities";
				INFOPLIST_KEY_UIApplicationSceneManifest_Generation = YES;
				INFOPLIST_KEY_UIApplicationSupportsIndirectInputEvents = YES;
				INFOPLIST_KEY_UILaunchScreen_Generation = YES;
				INFOPLIST_KEY_UISupportedInterfaceOrientations = UIInterfaceOrientationPortrait;
				INFOPLIST_KEY_UISupportedInterfaceOrientations_iPad = "UIInterfaceOrientationLandscapeLeft UIInterfaceOrientationLandscapeRight UIInterfaceOrientationPortrait UIInterfaceOrientationPortraitUpsideDown";
				LD_RUNPATH_SEARCH_PATHS = (
					"$(inherited)",
					"@executable_path/Frameworks",
				);
				MARKETING_VERSION = 1.0;
				PRODUCT_BUNDLE_IDENTIFIER = "com.irs.apple-samplecode.Landmarks";
				PRODUCT_NAME = "$(TARGET_NAME)";
				SUPPORTED_PLATFORMS = "iphoneos iphonesimulator";
				SUPPORTS_MACCATALYST = NO;
				SUPPORTS_MAC_DESIGNED_FOR_IPHONE_IPAD = NO;
				SWIFT_EMIT_LOC_STRINGS = YES;
				SWIFT_VERSION = 5.0;
				TARGETED_DEVICE_FAMILY = 1;
			};
			name = Release;
		};
/* End XCBuildConfiguration section */

/* Begin XCConfigurationList section */
		1C1113B229BAE91E008A2836 /* Build configuration list for PBXProject "Landmarks" */ = {
			isa = XCConfigurationList;
			buildConfigurations = (
				1C1113C329BAE91F008A2836 /* Debug */,
				1C1113C429BAE91F008A2836 /* Release */,
			);
			defaultConfigurationIsVisible = 0;
			defaultConfigurationName = Release;
		};
		1C1113C529BAE91F008A2836 /* Build configuration list for PBXNativeTarget "Landmarks" */ = {
			isa = XCConfigurationList;
			buildConfigurations = (
				1C1113C629BAE91F008A2836 /* Debug */,
				1C1113C729BAE91F008A2836 /* Release */,
			);
			defaultConfigurationIsVisible = 0;
			defaultConfigurationName = Release;
		};
/* End XCConfigurationList section */
	};
	rootObject = 1C1113AF29BAE91E008A2836 /* Project object */;
}
